// !$*UTF8*$!
{
	archiveVersion = 1;
	classes = {
	};
	objectVersion = 50;
	objects = {

/* Begin PBXBuildFile section */
		DCD8B267249B144100C047A4 /* AppDelegate.swift in Sources */ = {isa = PBXBuildFile; fileRef = DCD8B266249B144100C047A4 /* AppDelegate.swift */; };
		DCD8B269249B144100C047A4 /* SceneDelegate.swift in Sources */ = {isa = PBXBuildFile; fileRef = DCD8B268249B144100C047A4 /* SceneDelegate.swift */; };
		DCD8B26B249B144100C047A4 /* ContentView.swift in Sources */ = {isa = PBXBuildFile; fileRef = DCD8B26A249B144100C047A4 /* ContentView.swift */; };
		DCD8B26D249B144400C047A4 /* Assets.xcassets in Resources */ = {isa = PBXBuildFile; fileRef = DCD8B26C249B144400C047A4 /* Assets.xcassets */; };
		DCD8B270249B144400C047A4 /* Preview Assets.xcassets in Resources */ = {isa = PBXBuildFile; fileRef = DCD8B26F249B144400C047A4 /* Preview Assets.xcassets */; };
		DCD8B273249B144400C047A4 /* LaunchScreen.storyboard in Resources */ = {isa = PBXBuildFile; fileRef = DCD8B271249B144400C047A4 /* LaunchScreen.storyboard */; };
		DCD8B27B249B4C7D00C047A4 /* ViewModel.swift in Sources */ = {isa = PBXBuildFile; fileRef = DCD8B27A249B4C7D00C047A4 /* ViewModel.swift */; };
/* End PBXBuildFile section */

/* Begin PBXFileReference section */
		DCD8B263249B144100C047A4 /* LeafyViewModifier.app */ = {isa = PBXFileReference; explicitFileType = wrapper.application; includeInIndex = 0; path = LeafyViewModifier.app; sourceTree = BUILT_PRODUCTS_DIR; };
		DCD8B266249B144100C047A4 /* AppDelegate.swift */ = {isa = PBXFileReference; lastKnownFileType = sourcecode.swift; path = AppDelegate.swift; sourceTree = "<group>"; };
		DCD8B268249B144100C047A4 /* SceneDelegate.swift */ = {isa = PBXFileReference; lastKnownFileType = sourcecode.swift; path = SceneDelegate.swift; sourceTree = "<group>"; };
		DCD8B26A249B144100C047A4 /* ContentView.swift */ = {isa = PBXFileReference; lastKnownFileType = sourcecode.swift; path = ContentView.swift; sourceTree = "<group>"; };
		DCD8B26C249B144400C047A4 /* Assets.xcassets */ = {isa = PBXFileReference; lastKnownFileType = folder.assetcatalog; path = Assets.xcassets; sourceTree = "<group>"; };
		DCD8B26F249B144400C047A4 /* Preview Assets.xcassets */ = {isa = PBXFileReference; lastKnownFileType = folder.assetcatalog; path = "Preview Assets.xcassets"; sourceTree = "<group>"; };
		DCD8B272249B144400C047A4 /* Base */ = {isa = PBXFileReference; lastKnownFileType = file.storyboard; name = Base; path = Base.lproj/LaunchScreen.storyboard; sourceTree = "<group>"; };
		DCD8B274249B144400C047A4 /* Info.plist */ = {isa = PBXFileReference; lastKnownFileType = text.plist.xml; path = Info.plist; sourceTree = "<group>"; };
		DCD8B27A249B4C7D00C047A4 /* ViewModel.swift */ = {isa = PBXFileReference; lastKnownFileType = sourcecode.swift; path = ViewModel.swift; sourceTree = "<group>"; };
/* End PBXFileReference section */

/* Begin PBXFrameworksBuildPhase section */
		DCD8B260249B144100C047A4 /* Frameworks */ = {
			isa = PBXFrameworksBuildPhase;
			buildActionMask = 2147483647;
			files = (
			);
			runOnlyForDeploymentPostprocessing = 0;
		};
/* End PBXFrameworksBuildPhase section */

/* Begin PBXGroup section */
		DCD8B25A249B144100C047A4 = {
			isa = PBXGroup;
			children = (
				DCD8B265249B144100C047A4 /* LeafyViewModifier */,
				DCD8B264249B144100C047A4 /* Products */,
			);
			sourceTree = "<group>";
		};
		DCD8B264249B144100C047A4 /* Products */ = {
			isa = PBXGroup;
			children = (
				DCD8B263249B144100C047A4 /* LeafyViewModifier.app */,
			);
			name = Products;
			sourceTree = "<group>";
		};
		DCD8B265249B144100C047A4 /* LeafyViewModifier */ = {
			isa = PBXGroup;
			children = (
				DCD8B266249B144100C047A4 /* AppDelegate.swift */,
				DCD8B268249B144100C047A4 /* SceneDelegate.swift */,
				DCD8B26A249B144100C047A4 /* ContentView.swift */,
				DCD8B27A249B4C7D00C047A4 /* ViewModel.swift */,
				DCD8B26C249B144400C047A4 /* Assets.xcassets */,
				DCD8B271249B144400C047A4 /* LaunchScreen.storyboard */,
				DCD8B274249B144400C047A4 /* Info.plist */,
				DCD8B26E249B144400C047A4 /* Preview Content */,
			);
			path = LeafyViewModifier;
			sourceTree = "<group>";
		};
		DCD8B26E249B144400C047A4 /* Preview Content */ = {
			isa = PBXGroup;
			children = (
				DCD8B26F249B144400C047A4 /* Preview Assets.xcassets */,
			);
			path = "Preview Content";
			sourceTree = "<group>";
		};
/* End PBXGroup section */

/* Begin PBXNativeTarget section */
		DCD8B262249B144100C047A4 /* LeafyViewModifier */ = {
			isa = PBXNativeTarget;
			buildConfigurationList = DCD8B277249B144400C047A4 /* Build configuration list for PBXNativeTarget "LeafyViewModifier" */;
			buildPhases = (
				DCD8B25F249B144100C047A4 /* Sources */,
				DCD8B260249B144100C047A4 /* Frameworks */,
				DCD8B261249B144100C047A4 /* Resources */,
			);
			buildRules = (
			);
			dependencies = (
			);
			name = LeafyViewModifier;
			productName = LeafyViewModifier;
			productReference = DCD8B263249B144100C047A4 /* LeafyViewModifier.app */;
			productType = "com.apple.product-type.application";
		};
/* End PBXNativeTarget section */

/* Begin PBXProject section */
		DCD8B25B249B144100C047A4 /* Project object */ = {
			isa = PBXProject;
			attributes = {
				LastSwiftUpdateCheck = 1150;
				LastUpgradeCheck = 1150;
				ORGANIZATIONNAME = "Rod Landaeta";
				TargetAttributes = {
					DCD8B262249B144100C047A4 = {
						CreatedOnToolsVersion = 11.5;
					};
				};
			};
			buildConfigurationList = DCD8B25E249B144100C047A4 /* Build configuration list for PBXProject "LeafyViewModifier" */;
			compatibilityVersion = "Xcode 9.3";
			developmentRegion = en;
			hasScannedForEncodings = 0;
			knownRegions = (
				en,
				Base,
			);
			mainGroup = DCD8B25A249B144100C047A4;
			productRefGroup = DCD8B264249B144100C047A4 /* Products */;
			projectDirPath = "";
			projectRoot = "";
			targets = (
				DCD8B262249B144100C047A4 /* LeafyViewModifier */,
			);
		};
/* End PBXProject section */

/* Begin PBXResourcesBuildPhase section */
		DCD8B261249B144100C047A4 /* Resources */ = {
			isa = PBXResourcesBuildPhase;
			buildActionMask = 2147483647;
			files = (
				DCD8B273249B144400C047A4 /* LaunchScreen.storyboard in Resources */,
				DCD8B270249B144400C047A4 /* Preview Assets.xcassets in Resources */,
				DCD8B26D249B144400C047A4 /* Assets.xcassets in Resources */,
			);
			runOnlyForDeploymentPostprocessing = 0;
		};
/* End PBXResourcesBuildPhase section */

/* Begin PBXSourcesBuildPhase section */
		DCD8B25F249B144100C047A4 /* Sources */ = {
			isa = PBXSourcesBuildPhase;
			buildActionMask = 2147483647;
			files = (
				DCD8B267249B144100C047A4 /* AppDelegate.swift in Sources */,
				DCD8B269249B144100C047A4 /* SceneDelegate.swift in Sources */,
				DCD8B27B249B4C7D00C047A4 /* ViewModel.swift in Sources */,
				DCD8B26B249B144100C047A4 /* ContentView.swift in Sources */,
			);
			runOnlyForDeploymentPostprocessing = 0;
		};
/* End PBXSourcesBuildPhase section */

/* Begin PBXVariantGroup section */
		DCD8B271249B144400C047A4 /* LaunchScreen.storyboard */ = {
			isa = PBXVariantGroup;
			children = (
				DCD8B272249B144400C047A4 /* Base */,
			);
			name = LaunchScreen.storyboard;
			sourceTree = "<group>";
		};
/* End PBXVariantGroup section */

/* Begin XCBuildConfiguration section */
		DCD8B275249B144400C047A4 /* Debug */ = {
			isa = XCBuildConfiguration;
			buildSettings = {
				ALWAYS_SEARCH_USER_PATHS = NO;
				CLANG_ANALYZER_NONNULL = YES;
				CLANG_ANALYZER_NUMBER_OBJECT_CONVERSION = YES_AGGRESSIVE;
				CLANG_CXX_LANGUAGE_STANDARD = "gnu++14";
				CLANG_CXX_LIBRARY = "libc++";
				CLANG_ENABLE_MODULES = YES;
				CLANG_ENABLE_OBJC_ARC = YES;
				CLANG_ENABLE_OBJC_WEAK = YES;
				CLANG_WARN_BLOCK_CAPTURE_AUTORELEASING = YES;
				CLANG_WARN_BOOL_CONVERSION = YES;
				CLANG_WARN_COMMA = YES;
				CLANG_WARN_CONSTANT_CONVERSION = YES;
				CLANG_WARN_DEPRECATED_OBJC_IMPLEMENTATIONS = YES;
				CLANG_WARN_DIRECT_OBJC_ISA_USAGE = YES_ERROR;
				CLANG_WARN_DOCUMENTATION_COMMENTS = YES;
				CLANG_WARN_EMPTY_BODY = YES;
				CLANG_WARN_ENUM_CONVERSION = YES;
				CLANG_WARN_INFINITE_RECURSION = YES;
				CLANG_WARN_INT_CONVERSION = YES;
				CLANG_WARN_NON_LITERAL_NULL_CONVERSION = YES;
				CLANG_WARN_OBJC_IMPLICIT_RETAIN_SELF = YES;
				CLANG_WARN_OBJC_LITERAL_CONVERSION = YES;
				CLANG_WARN_OBJC_ROOT_CLASS = YES_ERROR;
				CLANG_WARN_RANGE_LOOP_ANALYSIS = YES;
				CLANG_WARN_STRICT_PROTOTYPES = YES;
				CLANG_WARN_SUSPICIOUS_MOVE = YES;
				CLANG_WARN_UNGUARDED_AVAILABILITY = YES_AGGRESSIVE;
				CLANG_WARN_UNREACHABLE_CODE = YES;
				CLANG_WARN__DUPLICATE_METHOD_MATCH = YES;
				COPY_PHASE_STRIP = NO;
				DEBUG_INFORMATION_FORMAT = dwarf;
				ENABLE_STRICT_OBJC_MSGSEND = YES;
				ENABLE_TESTABILITY = YES;
				GCC_C_LANGUAGE_STANDARD = gnu11;
				GCC_DYNAMIC_NO_PIC = NO;
				GCC_NO_COMMON_BLOCKS = YES;
				GCC_OPTIMIZATION_LEVEL = 0;
				GCC_PREPROCESSOR_DEFINITIONS = (
					"DEBUG=1",
					"$(inherited)",
				);
				GCC_WARN_64_TO_32_BIT_CONVERSION = YES;
				GCC_WARN_ABOUT_RETURN_TYPE = YES_ERROR;
				GCC_WARN_UNDECLARED_SELECTOR = YES;
				GCC_WARN_UNINITIALIZED_AUTOS = YES_AGGRESSIVE;
				GCC_WARN_UNUSED_FUNCTION = YES;
				GCC_WARN_UNUSED_VARIABLE = YES;
				IPHONEOS_DEPLOYMENT_TARGET = 13.5;
				MTL_ENABLE_DEBUG_INFO = INCLUDE_SOURCE;
				MTL_FAST_MATH = YES;
				ONLY_ACTIVE_ARCH = YES;
				SDKROOT = iphoneos;
				SWIFT_ACTIVE_COMPILATION_CONDITIONS = DEBUG;
				SWIFT_OPTIMIZATION_LEVEL = "-Onone";
			};
			name = Debug;
		};
		DCD8B276249B144400C047A4 /* Release */ = {
			isa = XCBuildConfiguration;
			buildSettings = {
				ALWAYS_SEARCH_USER_PATHS = NO;
				CLANG_ANALYZER_NONNULL = YES;
				CLANG_ANALYZER_NUMBER_OBJECT_CONVERSION = YES_AGGRESSIVE;
				CLANG_CXX_LANGUAGE_STANDARD = "gnu++14";
				CLANG_CXX_LIBRARY = "libc++";
				CLANG_ENABLE_MODULES = YES;
				CLANG_ENABLE_OBJC_ARC = YES;
				CLANG_ENABLE_OBJC_WEAK = YES;
				CLANG_WARN_BLOCK_CAPTURE_AUTORELEASING = YES;
				CLANG_WARN_BOOL_CONVERSION = YES;
				CLANG_WARN_COMMA = YES;
				CLANG_WARN_CONSTANT_CONVERSION = YES;
				CLANG_WARN_DEPRECATED_OBJC_IMPLEMENTATIONS = YES;
				CLANG_WARN_DIRECT_OBJC_ISA_USAGE = YES_ERROR;
				CLANG_WARN_DOCUMENTATION_COMMENTS = YES;
				CLANG_WARN_EMPTY_BODY = YES;
				CLANG_WARN_ENUM_CONVERSION = YES;
				CLANG_WARN_INFINITE_RECURSION = YES;
				CLANG_WARN_INT_CONVERSION = YES;
				CLANG_WARN_NON_LITERAL_NULL_CONVERSION = YES;
				CLANG_WARN_OBJC_IMPLICIT_RETAIN_SELF = YES;
				CLANG_WARN_OBJC_LITERAL_CONVERSION = YES;
				CLANG_WARN_OBJC_ROOT_CLASS = YES_ERROR;
				CLANG_WARN_RANGE_LOOP_ANALYSIS = YES;
				CLANG_WARN_STRICT_PROTOTYPES = YES;
				CLANG_WARN_SUSPICIOUS_MOVE = YES;
				CLANG_WARN_UNGUARDED_AVAILABILITY = YES_AGGRESSIVE;
				CLANG_WARN_UNREACHABLE_CODE = YES;
				CLANG_WARN__DUPLICATE_METHOD_MATCH = YES;
				COPY_PHASE_STRIP = NO;
				DEBUG_INFORMATION_FORMAT = "dwarf-with-dsym";
				ENABLE_NS_ASSERTIONS = NO;
				ENABLE_STRICT_OBJC_MSGSEND = YES;
				GCC_C_LANGUAGE_STANDARD = gnu11;
				GCC_NO_COMMON_BLOCKS = YES;
				GCC_WARN_64_TO_32_BIT_CONVERSION = YES;
				GCC_WARN_ABOUT_RETURN_TYPE = YES_ERROR;
				GCC_WARN_UNDECLARED_SELECTOR = YES;
				GCC_WARN_UNINITIALIZED_AUTOS = YES_AGGRESSIVE;
				GCC_WARN_UNUSED_FUNCTION = YES;
				GCC_WARN_UNUSED_VARIABLE = YES;
				IPHONEOS_DEPLOYMENT_TARGET = 13.5;
				MTL_ENABLE_DEBUG_INFO = NO;
				MTL_FAST_MATH = YES;
				SDKROOT = iphoneos;
				SWIFT_COMPILATION_MODE = wholemodule;
				SWIFT_OPTIMIZATION_LEVEL = "-O";
				VALIDATE_PRODUCT = YES;
			};
			name = Release;
		};
		DCD8B278249B144400C047A4 /* Debug */ = {
			isa = XCBuildConfiguration;
			buildSettings = {
				ASSETCATALOG_COMPILER_APPICON_NAME = AppIcon;
				CODE_SIGN_STYLE = Automatic;
				DEVELOPMENT_ASSET_PATHS = "\"LeafyViewModifier/Preview Content\"";
				DEVELOPMENT_TEAM = HC666XRGRA;
				ENABLE_PREVIEWS = YES;
				INFOPLIST_FILE = LeafyViewModifier/Info.plist;
				LD_RUNPATH_SEARCH_PATHS = (
					"$(inherited)",
					"@executable_path/Frameworks",
				);
				PRODUCT_BUNDLE_IDENTIFIER = org.rod.samples.LeafyViewModifier;
				PRODUCT_NAME = "$(TARGET_NAME)";
				SWIFT_VERSION = 5.0;
				TARGETED_DEVICE_FAMILY = "1,2";
			};
			name = Debug;
		};
		DCD8B279249B144400C047A4 /* Release */ = {
			isa = XCBuildConfiguration;
			buildSettings = {
				ASSETCATALOG_COMPILER_APPICON_NAME = AppIcon;
				CODE_SIGN_STYLE = Automatic;
				DEVELOPMENT_ASSET_PATHS = "\"LeafyViewModifier/Preview Content\"";
				DEVELOPMENT_TEAM = HC666XRGRA;
				ENABLE_PREVIEWS = YES;
				INFOPLIST_FILE = LeafyViewModifier/Info.plist;
				LD_RUNPATH_SEARCH_PATHS = (
					"$(inherited)",
					"@executable_path/Frameworks",
				);
				PRODUCT_BUNDLE_IDENTIFIER = org.rod.samples.LeafyViewModifier;
				PRODUCT_NAME = "$(TARGET_NAME)";
				SWIFT_VERSION = 5.0;
				TARGETED_DEVICE_FAMILY = "1,2";
			};
			name = Release;
		};
/* End XCBuildConfiguration section */

/* Begin XCConfigurationList section */
		DCD8B25E249B144100C047A4 /* Build configuration list for PBXProject "LeafyViewModifier" */ = {
			isa = XCConfigurationList;
			buildConfigurations = (
				DCD8B275249B144400C047A4 /* Debug */,
				DCD8B276249B144400C047A4 /* Release */,
			);
			defaultConfigurationIsVisible = 0;
			defaultConfigurationName = Release;
		};
		DCD8B277249B144400C047A4 /* Build configuration list for PBXNativeTarget "LeafyViewModifier" */ = {
			isa = XCConfigurationList;
			buildConfigurations = (
				DCD8B278249B144400C047A4 /* Debug */,
				DCD8B279249B144400C047A4 /* Release */,
			);
			defaultConfigurationIsVisible = 0;
			defaultConfigurationName = Release;
		};
/* End XCConfigurationList section */
	};
	rootObject = DCD8B25B249B144100C047A4 /* Project object */;
}
